// !$*UTF8*$!
{
	archiveVersion = 1;
	classes = {
	};
	objectVersion = 46;
	objects = {
/* Begin PBXBuildFile section */
		0207DA581B56EA530066E2B4 /* Images.xcassets in Resources */ = {isa = PBXBuildFile; fileRef = 0207DA571B56EA530066E2B4 /* Images.xcassets */; };
		1D3623260D0F684500981E51 /* AppDelegate.m in Sources */ = {isa = PBXBuildFile; fileRef = 1D3623250D0F684500981E51 /* AppDelegate.m */; };
		1D60589B0D05DD56006BFB54 /* main.m in Sources */ = {isa = PBXBuildFile; fileRef = 29B97316FDCFA39411CA2CEA /* main.m */; };
		301BF552109A68D80062928A /* libCordova.a in Frameworks */ = {isa = PBXBuildFile; fileRef = 301BF535109A57CC0062928A /* libCordova.a */; };
		302D95F114D2391D003F00A1 /* MainViewController.m in Sources */ = {isa = PBXBuildFile; fileRef = 302D95EF14D2391D003F00A1 /* MainViewController.m */; };
		302D95F214D2391D003F00A1 /* MainViewController.xib in Resources */ = {isa = PBXBuildFile; fileRef = 302D95F014D2391D003F00A1 /* MainViewController.xib */; };
		3047A5121AB8059700498E2A /* build-debug.xcconfig in Resources */ = {isa = PBXBuildFile; fileRef = 3047A50F1AB8059700498E2A /* build-debug.xcconfig */; };
		3047A5131AB8059700498E2A /* build-release.xcconfig in Resources */ = {isa = PBXBuildFile; fileRef = 3047A5101AB8059700498E2A /* build-release.xcconfig */; };
		3047A5141AB8059700498E2A /* build.xcconfig in Resources */ = {isa = PBXBuildFile; fileRef = 3047A5111AB8059700498E2A /* build.xcconfig */; };
		C64F3D9185F24E7796A0C1F0 /* CDVLogger.m in Sources */ = {isa = PBXBuildFile; fileRef = 1A578BA44FBF4E4494ACBE77 /* CDVLogger.m */; };
		490077C3A6434AD0A88497DA /* CDVDevice.m in Sources */ = {isa = PBXBuildFile; fileRef = 103884F95D094E93981A226C /* CDVDevice.m */; };
		2FEC9D79A8744703853C4E5E /* CDVSplashScreen.m in Sources */ = {isa = PBXBuildFile; fileRef = 7F2CA6F7D44C4E16A7749622 /* CDVSplashScreen.m */; };
		F903EC6ADCC5405189287CF7 /* CDVViewController+SplashScreen.m in Sources */ = {isa = PBXBuildFile; fileRef = B8CEFC399B05407AA169E26C /* CDVViewController+SplashScreen.m */; };
		DAE8B43A35434E60B8927BEF /* CDVStatusBar.m in Sources */ = {isa = PBXBuildFile; fileRef = DB7924617B3F4E23BAC5A41A /* CDVStatusBar.m */; };
		3BF9236D71EB417C8156910A /* IonicKeyboard.m in Sources */ = {isa = PBXBuildFile; fileRef = 6785063B3CA94A25855BD08B /* IonicKeyboard.m */; };
		5946B127968B4C35A468B8A8 /* AppDelegate+APPAppEvent.m in Sources */ = {isa = PBXBuildFile; fileRef = CECF98B54AA54A63862FCC44 /* AppDelegate+APPAppEvent.m */; };
		4F1E7818F0994FBA8F977F75 /* CDVPlugin+APPAppEvent.m in Sources */ = {isa = PBXBuildFile; fileRef = B5C923F1261D447D9180E3D3 /* CDVPlugin+APPAppEvent.m */; };
		B5B2665A8A6C40758447F9C4 /* APPLocalNotification.m in Sources */ = {isa = PBXBuildFile; fileRef = 4D5B9125EA9849C09901E9C6 /* APPLocalNotification.m */; };
		370E045E5B37485A93A83464 /* APPLocalNotificationOptions.m in Sources */ = {isa = PBXBuildFile; fileRef = 7ED6DEEE303F478FB7E02C89 /* APPLocalNotificationOptions.m */; };
		8C22DBAE77D648DD9EBD42A7 /* UIApplication+APPLocalNotification.m in Sources */ = {isa = PBXBuildFile; fileRef = C4CFD3143BC94408A14B569A /* UIApplication+APPLocalNotification.m */; };
		6A1B5BE8772C44DDBD96FC49 /* UILocalNotification+APPLocalNotification.m in Sources */ = {isa = PBXBuildFile; fileRef = 127DEAC54B1848F395DEE595 /* UILocalNotification+APPLocalNotification.m */; };
		6DA54C6D0B22470AA4EF2F02 /* Toast+UIView.m in Sources */ = {isa = PBXBuildFile; fileRef = 1EEFF51F7F1F4851A376A531 /* Toast+UIView.m */; };
		98AC7EBAD98941788F411FAE /* Toast.m in Sources */ = {isa = PBXBuildFile; fileRef = 3AF29386784C4594B98ACA12 /* Toast.m */; };
		4CE38AFB5BFA4BA5A8596205 /* QuartzCore.framework in Frameworks */ = {isa = PBXBuildFile; fileRef = EE820589661A4C7FBC33A934 /* QuartzCore.framework */; };
		B4102A8053054492B6328E49 /* UIImage+CropScaleOrientation.m in Sources */ = {isa = PBXBuildFile; fileRef = 3C592E802D44499094A9AB82 /* UIImage+CropScaleOrientation.m */; };
		55507C686C934BE99DBC1363 /* CDVCamera.m in Sources */ = {isa = PBXBuildFile; fileRef = A1CDF8A00E3C45CCA4467809 /* CDVCamera.m */; };
		ECE091CB5FCC4DB2A6D5CC98 /* CDVJpegHeaderWriter.m in Sources */ = {isa = PBXBuildFile; fileRef = D52159F133FE4C32A158CDAC /* CDVJpegHeaderWriter.m */; };
		9CF258117ED14AF9A2A0D66B /* ImageIO.framework in Frameworks */ = {isa = PBXBuildFile; fileRef = DE8F81AD6D5846EF952C3D9E /* ImageIO.framework */; settings = {ATTRIBUTES = (Weak, ); }; };
		468441A282F84A8B8E36143B /* CoreLocation.framework in Frameworks */ = {isa = PBXBuildFile; fileRef = 5056DC61EE604156B5DCAF0E /* CoreLocation.framework */; };
		5FC5152E6A5A4F85BA7E041B /* AVFoundation.framework in Frameworks */ = {isa = PBXBuildFile; fileRef = E75B25554CA44617A241F552 /* AVFoundation.framework */; };
		9B20A6515D38410E9FF6A06E /* SOSPicker.m in Sources */ = {isa = PBXBuildFile; fileRef = 8C7F9C90E1FD453EA6F0E486 /* SOSPicker.m */; };
		8ACF37185A0E4775A0692361 /* ELCAlbumPickerController.m in Sources */ = {isa = PBXBuildFile; fileRef = 5DC3326497DF4782B3E655B7 /* ELCAlbumPickerController.m */; };
		7F5053D758344A83BE227CCD /* ELCAsset.m in Sources */ = {isa = PBXBuildFile; fileRef = 83C4DC8AC53342749EFF8423 /* ELCAsset.m */; };
		4A508FD9EA9E4D0CBCE9F761 /* ELCAssetCell.m in Sources */ = {isa = PBXBuildFile; fileRef = 7824050123EF4EA3A4A3C029 /* ELCAssetCell.m */; };
		4E8A057D500E482E9B7870F3 /* ELCAssetTablePicker.m in Sources */ = {isa = PBXBuildFile; fileRef = 19DD579A2A1D4375897AF1BF /* ELCAssetTablePicker.m */; };
		92CC35BE3AC0466AA9A19DD0 /* ELCImagePickerController.m in Sources */ = {isa = PBXBuildFile; fileRef = A1B7FE09872547E781B95F86 /* ELCImagePickerController.m */; };
		A90C5F85549648D1B7EB1E85 /* ELCAlbumPickerController.xib in Resources */ = {isa = PBXBuildFile; fileRef = B8AA176169DC43AF870318BC /* ELCAlbumPickerController.xib */; };
		DA99FF9B55FD4C8CA5CD30B1 /* ELCAssetPicker.xib in Resources */ = {isa = PBXBuildFile; fileRef = DEF66BC11C3A4FB7B9A4FC00 /* ELCAssetPicker.xib */; };
		197AF6F68EA04AF59DED6736 /* ELCAssetTablePicker.xib in Resources */ = {isa = PBXBuildFile; fileRef = 18CD411F16E84B5084F7BB48 /* ELCAssetTablePicker.xib */; };
		97E68B62FC2D43FAB39FBB8B /* Overlay.png in Resources */ = {isa = PBXBuildFile; fileRef = E86E9FFEA69C4773A90968C0 /* Overlay.png */; };
		FD9511B88D954609B397122D /* Overlay@2x.png in Resources */ = {isa = PBXBuildFile; fileRef = FEC140727B7447DBB22CF521 /* Overlay@2x.png */; };
		A47ABE2168C74A7E8885CB27 /* CDVVibration.m in Sources */ = {isa = PBXBuildFile; fileRef = 2EF8972A90D9497BB9F81A40 /* CDVVibration.m */; };
		FE2DBDC5120A4928BEC190A3 /* AudioToolbox.framework in Frameworks */ = {isa = PBXBuildFile; fileRef = E367F7E2C4294B73A6563B8F /* AudioToolbox.framework */; settings = {ATTRIBUTES = (Weak, ); }; };
/* End PBXBuildFile section */

/* Begin PBXContainerItemProxy section */
		301BF534109A57CC0062928A /* PBXContainerItemProxy */ = {
			isa = PBXContainerItemProxy;
			containerPortal = 301BF52D109A57CC0062928A /* CordovaLib.xcodeproj */;
			proxyType = 2;
			remoteGlobalIDString = D2AAC07E0554694100DB518D;
			remoteInfo = CordovaLib;
		};
		301BF550109A68C00062928A /* PBXContainerItemProxy */ = {
			isa = PBXContainerItemProxy;
			containerPortal = 301BF52D109A57CC0062928A /* CordovaLib.xcodeproj */;
			proxyType = 1;
			remoteGlobalIDString = D2AAC07D0554694100DB518D;
			remoteInfo = CordovaLib;
		};
/* End PBXContainerItemProxy section */

/* Begin PBXFileReference section */
		0207DA571B56EA530066E2B4 /* Images.xcassets */ = {isa = PBXFileReference; lastKnownFileType = folder.assetcatalog; name = Images.xcassets; path = "HelloCordova/Images.xcassets"; sourceTree = SOURCE_ROOT; };
		1D3623240D0F684500981E51 /* AppDelegate.h */ = {isa = PBXFileReference; fileEncoding = 4; lastKnownFileType = sourcecode.c.h; path = AppDelegate.h; sourceTree = "<group>"; };
		1D3623250D0F684500981E51 /* AppDelegate.m */ = {isa = PBXFileReference; fileEncoding = 4; lastKnownFileType = sourcecode.c.objc; path = AppDelegate.m; sourceTree = "<group>"; };
		1D6058910D05DD3D006BFB54 /* HelloCordova.app */ = {isa = PBXFileReference; explicitFileType = wrapper.application; includeInIndex = 0; path = "HelloCordova.app"; sourceTree = BUILT_PRODUCTS_DIR; };
		29B97316FDCFA39411CA2CEA /* main.m */ = {isa = PBXFileReference; fileEncoding = 4; lastKnownFileType = sourcecode.c.objc; path = main.m; sourceTree = "<group>"; };
		301BF52D109A57CC0062928A /* CordovaLib.xcodeproj */ = {isa = PBXFileReference; lastKnownFileType = "wrapper.pb-project"; name = CordovaLib.xcodeproj; path = CordovaLib/CordovaLib.xcodeproj; sourceTree = "<group>"; };
		301BF56E109A69640062928A /* www */ = {isa = PBXFileReference; lastKnownFileType = folder; path = www; sourceTree = SOURCE_ROOT; };
		302D95EE14D2391D003F00A1 /* MainViewController.h */ = {isa = PBXFileReference; fileEncoding = 4; lastKnownFileType = sourcecode.c.h; path = MainViewController.h; sourceTree = "<group>"; };
		302D95EF14D2391D003F00A1 /* MainViewController.m */ = {isa = PBXFileReference; fileEncoding = 4; lastKnownFileType = sourcecode.c.objc; path = MainViewController.m; sourceTree = "<group>"; };
		302D95F014D2391D003F00A1 /* MainViewController.xib */ = {isa = PBXFileReference; fileEncoding = 4; lastKnownFileType = file.xib; path = MainViewController.xib; sourceTree = "<group>"; };
		3047A50F1AB8059700498E2A /* build-debug.xcconfig */ = {isa = PBXFileReference; fileEncoding = 4; lastKnownFileType = text.xcconfig; name = "build-debug.xcconfig"; path = cordova/build-debug.xcconfig; sourceTree = SOURCE_ROOT; };
		3047A5101AB8059700498E2A /* build-release.xcconfig */ = {isa = PBXFileReference; fileEncoding = 4; lastKnownFileType = text.xcconfig; name = "build-release.xcconfig"; path = cordova/build-release.xcconfig; sourceTree = SOURCE_ROOT; };
		3047A5111AB8059700498E2A /* build.xcconfig */ = {isa = PBXFileReference; fileEncoding = 4; lastKnownFileType = text.xcconfig; name = build.xcconfig; path = cordova/build.xcconfig; sourceTree = SOURCE_ROOT; };
		32CA4F630368D1EE00C91783 /* HelloCordova-Prefix.pch */ = {isa = PBXFileReference; fileEncoding = 4; lastKnownFileType = sourcecode.c.h; path = "HelloCordova-Prefix.pch"; sourceTree = "<group>"; };
		8D1107310486CEB800E47090 /* HelloCordova-Info.plist */ = {isa = PBXFileReference; fileEncoding = 4; lastKnownFileType = text.plist.xml; name = "HelloCordova-Info.plist"; path = "HelloCordova/HelloCordova-Info.plist"; plistStructureDefinitionIdentifier = "com.apple.xcode.plist.structure-definition.iphone.info-plist"; sourceTree = SOURCE_ROOT; };
		EB87FDF31871DA8E0020F90C /* www */ = {isa = PBXFileReference; lastKnownFileType = folder; name = www; path = ../../www; sourceTree = "<group>"; };
		EB87FDF41871DAF40020F90C /* config.xml */ = {isa = PBXFileReference; lastKnownFileType = text.xml; name = config.xml; path = ../../config.xml; sourceTree = "<group>"; };
		F840E1F0165FE0F500CFE078 /* config.xml */ = {isa = PBXFileReference; lastKnownFileType = text.xml; name = config.xml; path = "HelloCordova/config.xml"; sourceTree = "<group>"; };
		ED33DF2A687741AEAF9F8254 /* Bridging-Header.h */ = {isa = PBXFileReference; fileEncoding = 4; lastKnownFileType = sourcecode.c.h; name = "Bridging-Header.h"; path = "Bridging-Header.h"; sourceTree = "<group>"; };
		1A578BA44FBF4E4494ACBE77 /* CDVLogger.m */ = {isa = PBXFileReference; name = "CDVLogger.m"; path = "cordova-plugin-console/CDVLogger.m"; sourceTree = "<group>"; fileEncoding = 4; lastKnownFileType = sourcecode.c.objc; explicitFileType = undefined; includeInIndex = 0; };
		2801AFEEAF5A439AA80448EA /* CDVLogger.h */ = {isa = PBXFileReference; name = "CDVLogger.h"; path = "cordova-plugin-console/CDVLogger.h"; sourceTree = "<group>"; fileEncoding = 4; lastKnownFileType = sourcecode.c.h; explicitFileType = undefined; includeInIndex = 0; };
		103884F95D094E93981A226C /* CDVDevice.m */ = {isa = PBXFileReference; name = "CDVDevice.m"; path = "cordova-plugin-device/CDVDevice.m"; sourceTree = "<group>"; fileEncoding = 4; lastKnownFileType = sourcecode.c.objc; explicitFileType = undefined; includeInIndex = 0; };
		2777D8903A9D443B9F7105CC /* CDVDevice.h */ = {isa = PBXFileReference; name = "CDVDevice.h"; path = "cordova-plugin-device/CDVDevice.h"; sourceTree = "<group>"; fileEncoding = 4; lastKnownFileType = sourcecode.c.h; explicitFileType = undefined; includeInIndex = 0; };
		7F2CA6F7D44C4E16A7749622 /* CDVSplashScreen.m */ = {isa = PBXFileReference; name = "CDVSplashScreen.m"; path = "cordova-plugin-splashscreen/CDVSplashScreen.m"; sourceTree = "<group>"; fileEncoding = 4; lastKnownFileType = sourcecode.c.objc; explicitFileType = undefined; includeInIndex = 0; };
		B8CEFC399B05407AA169E26C /* CDVViewController+SplashScreen.m */ = {isa = PBXFileReference; name = "CDVViewController+SplashScreen.m"; path = "cordova-plugin-splashscreen/CDVViewController+SplashScreen.m"; sourceTree = "<group>"; fileEncoding = 4; lastKnownFileType = sourcecode.c.objc; explicitFileType = undefined; includeInIndex = 0; };
		708CFBA9C1754B8E9DF30265 /* CDVSplashScreen.h */ = {isa = PBXFileReference; name = "CDVSplashScreen.h"; path = "cordova-plugin-splashscreen/CDVSplashScreen.h"; sourceTree = "<group>"; fileEncoding = 4; lastKnownFileType = sourcecode.c.h; explicitFileType = undefined; includeInIndex = 0; };
		B7985B30158344D3B8A5197B /* CDVViewController+SplashScreen.h */ = {isa = PBXFileReference; name = "CDVViewController+SplashScreen.h"; path = "cordova-plugin-splashscreen/CDVViewController+SplashScreen.h"; sourceTree = "<group>"; fileEncoding = 4; lastKnownFileType = sourcecode.c.h; explicitFileType = undefined; includeInIndex = 0; };
		DB7924617B3F4E23BAC5A41A /* CDVStatusBar.m */ = {isa = PBXFileReference; name = "CDVStatusBar.m"; path = "cordova-plugin-statusbar/CDVStatusBar.m"; sourceTree = "<group>"; fileEncoding = 4; lastKnownFileType = sourcecode.c.objc; explicitFileType = undefined; includeInIndex = 0; };
		A64366D0349E45B2B546E6C5 /* CDVStatusBar.h */ = {isa = PBXFileReference; name = "CDVStatusBar.h"; path = "cordova-plugin-statusbar/CDVStatusBar.h"; sourceTree = "<group>"; fileEncoding = 4; lastKnownFileType = sourcecode.c.h; explicitFileType = undefined; includeInIndex = 0; };
		6785063B3CA94A25855BD08B /* IonicKeyboard.m */ = {isa = PBXFileReference; name = "IonicKeyboard.m"; path = "ionic-plugin-keyboard/IonicKeyboard.m"; sourceTree = "<group>"; fileEncoding = 4; lastKnownFileType = sourcecode.c.objc; explicitFileType = undefined; includeInIndex = 0; };
		EEAAC1C212834839A0763388 /* IonicKeyboard.h */ = {isa = PBXFileReference; name = "IonicKeyboard.h"; path = "ionic-plugin-keyboard/IonicKeyboard.h"; sourceTree = "<group>"; fileEncoding = 4; lastKnownFileType = sourcecode.c.h; explicitFileType = undefined; includeInIndex = 0; };
		CECF98B54AA54A63862FCC44 /* AppDelegate+APPAppEvent.m */ = {isa = PBXFileReference; name = "AppDelegate+APPAppEvent.m"; path = "cordova-plugin-app-event/AppDelegate+APPAppEvent.m"; sourceTree = "<group>"; fileEncoding = 4; lastKnownFileType = sourcecode.c.objc; explicitFileType = undefined; includeInIndex = 0; };
		B5C923F1261D447D9180E3D3 /* CDVPlugin+APPAppEvent.m */ = {isa = PBXFileReference; name = "CDVPlugin+APPAppEvent.m"; path = "cordova-plugin-app-event/CDVPlugin+APPAppEvent.m"; sourceTree = "<group>"; fileEncoding = 4; lastKnownFileType = sourcecode.c.objc; explicitFileType = undefined; includeInIndex = 0; };
		572BDC827AB6482BB747A536 /* AppDelegate+APPAppEvent.h */ = {isa = PBXFileReference; name = "AppDelegate+APPAppEvent.h"; path = "cordova-plugin-app-event/AppDelegate+APPAppEvent.h"; sourceTree = "<group>"; fileEncoding = 4; lastKnownFileType = sourcecode.c.h; explicitFileType = undefined; includeInIndex = 0; };
		F859DC9437574D21BCC55C04 /* CDVPlugin+APPAppEvent.h */ = {isa = PBXFileReference; name = "CDVPlugin+APPAppEvent.h"; path = "cordova-plugin-app-event/CDVPlugin+APPAppEvent.h"; sourceTree = "<group>"; fileEncoding = 4; lastKnownFileType = sourcecode.c.h; explicitFileType = undefined; includeInIndex = 0; };
		4B53C8F1B5BC447CB7717C29 /* APPAppEventDelegate.h */ = {isa = PBXFileReference; name = "APPAppEventDelegate.h"; path = "cordova-plugin-app-event/APPAppEventDelegate.h"; sourceTree = "<group>"; fileEncoding = 4; lastKnownFileType = sourcecode.c.h; explicitFileType = undefined; includeInIndex = 0; };
		4D5B9125EA9849C09901E9C6 /* APPLocalNotification.m */ = {isa = PBXFileReference; name = "APPLocalNotification.m"; path = "de.appplant.cordova.plugin.local-notification/APPLocalNotification.m"; sourceTree = "<group>"; fileEncoding = 4; lastKnownFileType = sourcecode.c.objc; explicitFileType = undefined; includeInIndex = 0; };
		7ED6DEEE303F478FB7E02C89 /* APPLocalNotificationOptions.m */ = {isa = PBXFileReference; name = "APPLocalNotificationOptions.m"; path = "de.appplant.cordova.plugin.local-notification/APPLocalNotificationOptions.m"; sourceTree = "<group>"; fileEncoding = 4; lastKnownFileType = sourcecode.c.objc; explicitFileType = undefined; includeInIndex = 0; };
		C4CFD3143BC94408A14B569A /* UIApplication+APPLocalNotification.m */ = {isa = PBXFileReference; name = "UIApplication+APPLocalNotification.m"; path = "de.appplant.cordova.plugin.local-notification/UIApplication+APPLocalNotification.m"; sourceTree = "<group>"; fileEncoding = 4; lastKnownFileType = sourcecode.c.objc; explicitFileType = undefined; includeInIndex = 0; };
		127DEAC54B1848F395DEE595 /* UILocalNotification+APPLocalNotification.m */ = {isa = PBXFileReference; name = "UILocalNotification+APPLocalNotification.m"; path = "de.appplant.cordova.plugin.local-notification/UILocalNotification+APPLocalNotification.m"; sourceTree = "<group>"; fileEncoding = 4; lastKnownFileType = sourcecode.c.objc; explicitFileType = undefined; includeInIndex = 0; };
		1EB46CBC6ABF4A67A07B9A16 /* APPLocalNotification.h */ = {isa = PBXFileReference; name = "APPLocalNotification.h"; path = "de.appplant.cordova.plugin.local-notification/APPLocalNotification.h"; sourceTree = "<group>"; fileEncoding = 4; lastKnownFileType = sourcecode.c.h; explicitFileType = undefined; includeInIndex = 0; };
		3BF0D93DAA114F60B89BDFC9 /* APPLocalNotificationOptions.h */ = {isa = PBXFileReference; name = "APPLocalNotificationOptions.h"; path = "de.appplant.cordova.plugin.local-notification/APPLocalNotificationOptions.h"; sourceTree = "<group>"; fileEncoding = 4; lastKnownFileType = sourcecode.c.h; explicitFileType = undefined; includeInIndex = 0; };
		B61048E77D4E4892AC8F3D46 /* UIApplication+APPLocalNotification.h */ = {isa = PBXFileReference; name = "UIApplication+APPLocalNotification.h"; path = "de.appplant.cordova.plugin.local-notification/UIApplication+APPLocalNotification.h"; sourceTree = "<group>"; fileEncoding = 4; lastKnownFileType = sourcecode.c.h; explicitFileType = undefined; includeInIndex = 0; };
		EFA6CD18564A48608C8C064E /* UILocalNotification+APPLocalNotification.h */ = {isa = PBXFileReference; name = "UILocalNotification+APPLocalNotification.h"; path = "de.appplant.cordova.plugin.local-notification/UILocalNotification+APPLocalNotification.h"; sourceTree = "<group>"; fileEncoding = 4; lastKnownFileType = sourcecode.c.h; explicitFileType = undefined; includeInIndex = 0; };
		1EEFF51F7F1F4851A376A531 /* Toast+UIView.m */ = {isa = PBXFileReference; name = "Toast+UIView.m"; path = "cordova-plugin-x-toast/Toast+UIView.m"; sourceTree = "<group>"; fileEncoding = 4; lastKnownFileType = sourcecode.c.objc; explicitFileType = undefined; includeInIndex = 0; };
		3AF29386784C4594B98ACA12 /* Toast.m */ = {isa = PBXFileReference; name = "Toast.m"; path = "cordova-plugin-x-toast/Toast.m"; sourceTree = "<group>"; fileEncoding = 4; lastKnownFileType = sourcecode.c.objc; explicitFileType = undefined; includeInIndex = 0; };
		C2E0DCAE905D4745A0D8619C /* Toast+UIView.h */ = {isa = PBXFileReference; name = "Toast+UIView.h"; path = "cordova-plugin-x-toast/Toast+UIView.h"; sourceTree = "<group>"; fileEncoding = 4; lastKnownFileType = sourcecode.c.h; explicitFileType = undefined; includeInIndex = 0; };
		F4F1714B6916429C843C8A77 /* Toast.h */ = {isa = PBXFileReference; name = "Toast.h"; path = "cordova-plugin-x-toast/Toast.h"; sourceTree = "<group>"; fileEncoding = 4; lastKnownFileType = sourcecode.c.h; explicitFileType = undefined; includeInIndex = 0; };
		EE820589661A4C7FBC33A934 /* QuartzCore.framework */ = {isa = PBXFileReference; name = "QuartzCore.framework"; path = "System/Library/Frameworks/QuartzCore.framework"; sourceTree = SDKROOT; fileEncoding = undefined; lastKnownFileType = wrapper.framework; explicitFileType = undefined; includeInIndex = 0; };
		3C592E802D44499094A9AB82 /* UIImage+CropScaleOrientation.m */ = {isa = PBXFileReference; name = "UIImage+CropScaleOrientation.m"; path = "cordova-plugin-camera/UIImage+CropScaleOrientation.m"; sourceTree = "<group>"; fileEncoding = 4; lastKnownFileType = sourcecode.c.objc; explicitFileType = undefined; includeInIndex = 0; };
		A1CDF8A00E3C45CCA4467809 /* CDVCamera.m */ = {isa = PBXFileReference; name = "CDVCamera.m"; path = "cordova-plugin-camera/CDVCamera.m"; sourceTree = "<group>"; fileEncoding = 4; lastKnownFileType = sourcecode.c.objc; explicitFileType = undefined; includeInIndex = 0; };
		D52159F133FE4C32A158CDAC /* CDVJpegHeaderWriter.m */ = {isa = PBXFileReference; name = "CDVJpegHeaderWriter.m"; path = "cordova-plugin-camera/CDVJpegHeaderWriter.m"; sourceTree = "<group>"; fileEncoding = 4; lastKnownFileType = sourcecode.c.objc; explicitFileType = undefined; includeInIndex = 0; };
		9DA6E65235AA4F8A8C58CDAB /* UIImage+CropScaleOrientation.h */ = {isa = PBXFileReference; name = "UIImage+CropScaleOrientation.h"; path = "cordova-plugin-camera/UIImage+CropScaleOrientation.h"; sourceTree = "<group>"; fileEncoding = 4; lastKnownFileType = sourcecode.c.h; explicitFileType = undefined; includeInIndex = 0; };
		8AD04EE397D242C992F13655 /* CDVCamera.h */ = {isa = PBXFileReference; name = "CDVCamera.h"; path = "cordova-plugin-camera/CDVCamera.h"; sourceTree = "<group>"; fileEncoding = 4; lastKnownFileType = sourcecode.c.h; explicitFileType = undefined; includeInIndex = 0; };
		A5E0F650AC4D4BBB8D8E439E /* CDVJpegHeaderWriter.h */ = {isa = PBXFileReference; name = "CDVJpegHeaderWriter.h"; path = "cordova-plugin-camera/CDVJpegHeaderWriter.h"; sourceTree = "<group>"; fileEncoding = 4; lastKnownFileType = sourcecode.c.h; explicitFileType = undefined; includeInIndex = 0; };
		6A1B4F896809496191A519B3 /* CDVExif.h */ = {isa = PBXFileReference; name = "CDVExif.h"; path = "cordova-plugin-camera/CDVExif.h"; sourceTree = "<group>"; fileEncoding = 4; lastKnownFileType = sourcecode.c.h; explicitFileType = undefined; includeInIndex = 0; };
		DE8F81AD6D5846EF952C3D9E /* ImageIO.framework */ = {isa = PBXFileReference; name = "ImageIO.framework"; path = "System/Library/Frameworks/ImageIO.framework"; sourceTree = SDKROOT; fileEncoding = undefined; lastKnownFileType = wrapper.framework; explicitFileType = undefined; includeInIndex = 0; };
		5056DC61EE604156B5DCAF0E /* CoreLocation.framework */ = {isa = PBXFileReference; name = "CoreLocation.framework"; path = "System/Library/Frameworks/CoreLocation.framework"; sourceTree = SDKROOT; fileEncoding = undefined; lastKnownFileType = wrapper.framework; explicitFileType = undefined; includeInIndex = 0; };
		E75B25554CA44617A241F552 /* AVFoundation.framework */ = {isa = PBXFileReference; name = "AVFoundation.framework"; path = "System/Library/Frameworks/AVFoundation.framework"; sourceTree = SDKROOT; fileEncoding = undefined; lastKnownFileType = wrapper.framework; explicitFileType = undefined; includeInIndex = 0; };
		8C7F9C90E1FD453EA6F0E486 /* SOSPicker.m */ = {isa = PBXFileReference; name = "SOSPicker.m"; path = "cordova-plugin-image-picker/SOSPicker.m"; sourceTree = "<group>"; fileEncoding = 4; lastKnownFileType = sourcecode.c.objc; explicitFileType = undefined; includeInIndex = 0; };
		5DC3326497DF4782B3E655B7 /* ELCAlbumPickerController.m */ = {isa = PBXFileReference; name = "ELCAlbumPickerController.m"; path = "cordova-plugin-image-picker/ELCAlbumPickerController.m"; sourceTree = "<group>"; fileEncoding = 4; lastKnownFileType = sourcecode.c.objc; explicitFileType = undefined; includeInIndex = 0; };
		83C4DC8AC53342749EFF8423 /* ELCAsset.m */ = {isa = PBXFileReference; name = "ELCAsset.m"; path = "cordova-plugin-image-picker/ELCAsset.m"; sourceTree = "<group>"; fileEncoding = 4; lastKnownFileType = sourcecode.c.objc; explicitFileType = undefined; includeInIndex = 0; };
		7824050123EF4EA3A4A3C029 /* ELCAssetCell.m */ = {isa = PBXFileReference; name = "ELCAssetCell.m"; path = "cordova-plugin-image-picker/ELCAssetCell.m"; sourceTree = "<group>"; fileEncoding = 4; lastKnownFileType = sourcecode.c.objc; explicitFileType = undefined; includeInIndex = 0; };
		19DD579A2A1D4375897AF1BF /* ELCAssetTablePicker.m */ = {isa = PBXFileReference; name = "ELCAssetTablePicker.m"; path = "cordova-plugin-image-picker/ELCAssetTablePicker.m"; sourceTree = "<group>"; fileEncoding = 4; lastKnownFileType = sourcecode.c.objc; explicitFileType = undefined; includeInIndex = 0; };
		A1B7FE09872547E781B95F86 /* ELCImagePickerController.m */ = {isa = PBXFileReference; name = "ELCImagePickerController.m"; path = "cordova-plugin-image-picker/ELCImagePickerController.m"; sourceTree = "<group>"; fileEncoding = 4; lastKnownFileType = sourcecode.c.objc; explicitFileType = undefined; includeInIndex = 0; };
		3CAB7EE0321B45B1859A6FB9 /* SOSPicker.h */ = {isa = PBXFileReference; name = "SOSPicker.h"; path = "cordova-plugin-image-picker/SOSPicker.h"; sourceTree = "<group>"; fileEncoding = 4; lastKnownFileType = sourcecode.c.h; explicitFileType = undefined; includeInIndex = 0; };
		07479E3F93474B11A01FF2A7 /* ELCAlbumPickerController.h */ = {isa = PBXFileReference; name = "ELCAlbumPickerController.h"; path = "cordova-plugin-image-picker/ELCAlbumPickerController.h"; sourceTree = "<group>"; fileEncoding = 4; lastKnownFileType = sourcecode.c.h; explicitFileType = undefined; includeInIndex = 0; };
		33DA9A1D1FD7405F98A48E6F /* ELCAsset.h */ = {isa = PBXFileReference; name = "ELCAsset.h"; path = "cordova-plugin-image-picker/ELCAsset.h"; sourceTree = "<group>"; fileEncoding = 4; lastKnownFileType = sourcecode.c.h; explicitFileType = undefined; includeInIndex = 0; };
		8DBF4EB91BDC485CB33CD41F /* ELCAssetCell.h */ = {isa = PBXFileReference; name = "ELCAssetCell.h"; path = "cordova-plugin-image-picker/ELCAssetCell.h"; sourceTree = "<group>"; fileEncoding = 4; lastKnownFileType = sourcecode.c.h; explicitFileType = undefined; includeInIndex = 0; };
		C1DF48CA48EB4ABDAE9411EC /* ELCAssetPickerFilterDelegate.h */ = {isa = PBXFileReference; name = "ELCAssetPickerFilterDelegate.h"; path = "cordova-plugin-image-picker/ELCAssetPickerFilterDelegate.h"; sourceTree = "<group>"; fileEncoding = 4; lastKnownFileType = sourcecode.c.h; explicitFileType = undefined; includeInIndex = 0; };
		B75D182BE51E49C89369A424 /* ELCAssetSelectionDelegate.h */ = {isa = PBXFileReference; name = "ELCAssetSelectionDelegate.h"; path = "cordova-plugin-image-picker/ELCAssetSelectionDelegate.h"; sourceTree = "<group>"; fileEncoding = 4; lastKnownFileType = sourcecode.c.h; explicitFileType = undefined; includeInIndex = 0; };
		1F2E28098E84470F80FE3886 /* ELCAssetTablePicker.h */ = {isa = PBXFileReference; name = "ELCAssetTablePicker.h"; path = "cordova-plugin-image-picker/ELCAssetTablePicker.h"; sourceTree = "<group>"; fileEncoding = 4; lastKnownFileType = sourcecode.c.h; explicitFileType = undefined; includeInIndex = 0; };
		D81310A321DD4FADA690F6DC /* ELCImagePickerController.h */ = {isa = PBXFileReference; name = "ELCImagePickerController.h"; path = "cordova-plugin-image-picker/ELCImagePickerController.h"; sourceTree = "<group>"; fileEncoding = 4; lastKnownFileType = sourcecode.c.h; explicitFileType = undefined; includeInIndex = 0; };
		B8AA176169DC43AF870318BC /* ELCAlbumPickerController.xib */ = {isa = PBXFileReference; name = "ELCAlbumPickerController.xib"; path = "ELCAlbumPickerController.xib"; sourceTree = "<group>"; fileEncoding = undefined; lastKnownFileType = file.xib; explicitFileType = undefined; includeInIndex = 0; };
		DEF66BC11C3A4FB7B9A4FC00 /* ELCAssetPicker.xib */ = {isa = PBXFileReference; name = "ELCAssetPicker.xib"; path = "ELCAssetPicker.xib"; sourceTree = "<group>"; fileEncoding = undefined; lastKnownFileType = file.xib; explicitFileType = undefined; includeInIndex = 0; };
		18CD411F16E84B5084F7BB48 /* ELCAssetTablePicker.xib */ = {isa = PBXFileReference; name = "ELCAssetTablePicker.xib"; path = "ELCAssetTablePicker.xib"; sourceTree = "<group>"; fileEncoding = undefined; lastKnownFileType = file.xib; explicitFileType = undefined; includeInIndex = 0; };
		E86E9FFEA69C4773A90968C0 /* Overlay.png */ = {isa = PBXFileReference; name = "Overlay.png"; path = "Overlay.png"; sourceTree = "<group>"; fileEncoding = undefined; lastKnownFileType = unknown; explicitFileType = undefined; includeInIndex = 0; };
		FEC140727B7447DBB22CF521 /* Overlay@2x.png */ = {isa = PBXFileReference; name = "Overlay@2x.png"; path = "Overlay@2x.png"; sourceTree = "<group>"; fileEncoding = undefined; lastKnownFileType = unknown; explicitFileType = undefined; includeInIndex = 0; };
		2EF8972A90D9497BB9F81A40 /* CDVVibration.m */ = {isa = PBXFileReference; name = "CDVVibration.m"; path = "cordova-plugin-vibration/CDVVibration.m"; sourceTree = "<group>"; fileEncoding = 4; lastKnownFileType = sourcecode.c.objc; explicitFileType = undefined; includeInIndex = 0; };
		C2733E46C838452E982E3F01 /* CDVVibration.h */ = {isa = PBXFileReference; name = "CDVVibration.h"; path = "cordova-plugin-vibration/CDVVibration.h"; sourceTree = "<group>"; fileEncoding = 4; lastKnownFileType = sourcecode.c.h; explicitFileType = undefined; includeInIndex = 0; };
		E367F7E2C4294B73A6563B8F /* AudioToolbox.framework */ = {isa = PBXFileReference; name = "AudioToolbox.framework"; path = "System/Library/Frameworks/AudioToolbox.framework"; sourceTree = SDKROOT; fileEncoding = undefined; lastKnownFileType = wrapper.framework; explicitFileType = undefined; includeInIndex = 0; };
/* End PBXFileReference section */

/* Begin PBXFrameworksBuildPhase section */
		1D60588F0D05DD3D006BFB54 /* Frameworks */ = {
			isa = PBXFrameworksBuildPhase;
			buildActionMask = 2147483647;
			files = (
				301BF552109A68D80062928A /* libCordova.a in Frameworks */,
				4CE38AFB5BFA4BA5A8596205 /* QuartzCore.framework in Frameworks */,
				9CF258117ED14AF9A2A0D66B /* ImageIO.framework in Frameworks */,
				468441A282F84A8B8E36143B /* CoreLocation.framework in Frameworks */,
				5FC5152E6A5A4F85BA7E041B /* AVFoundation.framework in Frameworks */,
				FE2DBDC5120A4928BEC190A3 /* AudioToolbox.framework in Frameworks */,
			);
			runOnlyForDeploymentPostprocessing = 0;
		};
/* End PBXFrameworksBuildPhase section */

/* Begin PBXGroup section */
		080E96DDFE201D6D7F000001 /* Classes */ = {
			isa = PBXGroup;
			children = (
				302D95EE14D2391D003F00A1 /* MainViewController.h */,
				302D95EF14D2391D003F00A1 /* MainViewController.m */,
				302D95F014D2391D003F00A1 /* MainViewController.xib */,
				1D3623240D0F684500981E51 /* AppDelegate.h */,
				1D3623250D0F684500981E51 /* AppDelegate.m */,
			);
			name = Classes;
			path = "HelloCordova/Classes";
			sourceTree = SOURCE_ROOT;
		};
		19C28FACFE9D520D11CA2CBB /* Products */ = {
			isa = PBXGroup;
			children = (
				1D6058910D05DD3D006BFB54 /* HelloCordova.app */,
			);
			name = Products;
			sourceTree = "<group>";
		};
		29B97314FDCFA39411CA2CEA /* CustomTemplate */ = {
			isa = PBXGroup;
			children = (
				EB87FDF41871DAF40020F90C /* config.xml */,
				EB87FDF31871DA8E0020F90C /* www */,
				EB87FDF11871DA420020F90C /* Staging */,
				301BF52D109A57CC0062928A /* CordovaLib.xcodeproj */,
				080E96DDFE201D6D7F000001 /* Classes */,
				307C750510C5A3420062BCA9 /* Plugins */,
				29B97315FDCFA39411CA2CEA /* Other Sources */,
				29B97317FDCFA39411CA2CEA /* Resources */,
				29B97323FDCFA39411CA2CEA /* Frameworks */,
				19C28FACFE9D520D11CA2CBB /* Products */,
			);
			name = CustomTemplate;
			sourceTree = "<group>";
		};
		29B97315FDCFA39411CA2CEA /* Other Sources */ = {
			isa = PBXGroup;
			children = (
				32CA4F630368D1EE00C91783 /* HelloCordova-Prefix.pch */,
				29B97316FDCFA39411CA2CEA /* main.m */,
				ED33DF2A687741AEAF9F8254 /* Bridging-Header.h */,
			);
			name = "Other Sources";
			path = "HelloCordova";
			sourceTree = "<group>";
		};
		29B97317FDCFA39411CA2CEA /* Resources */ = {
			isa = PBXGroup;
			children = (
				0207DA571B56EA530066E2B4 /* Images.xcassets */,
				3047A50E1AB8057F00498E2A /* config */,
				8D1107310486CEB800E47090 /* HelloCordova-Info.plist */,
				B8AA176169DC43AF870318BC /* ELCAlbumPickerController.xib */,
				DEF66BC11C3A4FB7B9A4FC00 /* ELCAssetPicker.xib */,
				18CD411F16E84B5084F7BB48 /* ELCAssetTablePicker.xib */,
				E86E9FFEA69C4773A90968C0 /* Overlay.png */,
				FEC140727B7447DBB22CF521 /* Overlay@2x.png */,
			);
			name = Resources;
			path = "HelloCordova/Resources";
			sourceTree = "<group>";
		};
		29B97323FDCFA39411CA2CEA /* Frameworks */ = {
			isa = PBXGroup;
			children = (
				EE820589661A4C7FBC33A934 /* QuartzCore.framework */,
				DE8F81AD6D5846EF952C3D9E /* ImageIO.framework */,
				5056DC61EE604156B5DCAF0E /* CoreLocation.framework */,
				E75B25554CA44617A241F552 /* AVFoundation.framework */,
				E367F7E2C4294B73A6563B8F /* AudioToolbox.framework */,
			);
			name = Frameworks;
			sourceTree = "<group>";
		};
		301BF52E109A57CC0062928A /* Products */ = {
			isa = PBXGroup;
			children = (
				301BF535109A57CC0062928A /* libCordova.a */,
			);
			name = Products;
			sourceTree = "<group>";
		};
		3047A50E1AB8057F00498E2A /* config */ = {
			isa = PBXGroup;
			children = (
				3047A50F1AB8059700498E2A /* build-debug.xcconfig */,
				3047A5101AB8059700498E2A /* build-release.xcconfig */,
				3047A5111AB8059700498E2A /* build.xcconfig */,
			);
			name = config;
			sourceTree = "<group>";
		};
		307C750510C5A3420062BCA9 /* Plugins */ = {
			isa = PBXGroup;
			children = (
				1A578BA44FBF4E4494ACBE77 /* CDVLogger.m */,
				2801AFEEAF5A439AA80448EA /* CDVLogger.h */,
				103884F95D094E93981A226C /* CDVDevice.m */,
				2777D8903A9D443B9F7105CC /* CDVDevice.h */,
				7F2CA6F7D44C4E16A7749622 /* CDVSplashScreen.m */,
				B8CEFC399B05407AA169E26C /* CDVViewController+SplashScreen.m */,
				708CFBA9C1754B8E9DF30265 /* CDVSplashScreen.h */,
				B7985B30158344D3B8A5197B /* CDVViewController+SplashScreen.h */,
				DB7924617B3F4E23BAC5A41A /* CDVStatusBar.m */,
				A64366D0349E45B2B546E6C5 /* CDVStatusBar.h */,
				6785063B3CA94A25855BD08B /* IonicKeyboard.m */,
				EEAAC1C212834839A0763388 /* IonicKeyboard.h */,
				CECF98B54AA54A63862FCC44 /* AppDelegate+APPAppEvent.m */,
				B5C923F1261D447D9180E3D3 /* CDVPlugin+APPAppEvent.m */,
				572BDC827AB6482BB747A536 /* AppDelegate+APPAppEvent.h */,
				F859DC9437574D21BCC55C04 /* CDVPlugin+APPAppEvent.h */,
				4B53C8F1B5BC447CB7717C29 /* APPAppEventDelegate.h */,
				4D5B9125EA9849C09901E9C6 /* APPLocalNotification.m */,
				7ED6DEEE303F478FB7E02C89 /* APPLocalNotificationOptions.m */,
				C4CFD3143BC94408A14B569A /* UIApplication+APPLocalNotification.m */,
				127DEAC54B1848F395DEE595 /* UILocalNotification+APPLocalNotification.m */,
				1EB46CBC6ABF4A67A07B9A16 /* APPLocalNotification.h */,
				3BF0D93DAA114F60B89BDFC9 /* APPLocalNotificationOptions.h */,
				B61048E77D4E4892AC8F3D46 /* UIApplication+APPLocalNotification.h */,
				EFA6CD18564A48608C8C064E /* UILocalNotification+APPLocalNotification.h */,
				1EEFF51F7F1F4851A376A531 /* Toast+UIView.m */,
				3AF29386784C4594B98ACA12 /* Toast.m */,
				C2E0DCAE905D4745A0D8619C /* Toast+UIView.h */,
				F4F1714B6916429C843C8A77 /* Toast.h */,
				3C592E802D44499094A9AB82 /* UIImage+CropScaleOrientation.m */,
				A1CDF8A00E3C45CCA4467809 /* CDVCamera.m */,
				D52159F133FE4C32A158CDAC /* CDVJpegHeaderWriter.m */,
				9DA6E65235AA4F8A8C58CDAB /* UIImage+CropScaleOrientation.h */,
				8AD04EE397D242C992F13655 /* CDVCamera.h */,
				A5E0F650AC4D4BBB8D8E439E /* CDVJpegHeaderWriter.h */,
				6A1B4F896809496191A519B3 /* CDVExif.h */,
				8C7F9C90E1FD453EA6F0E486 /* SOSPicker.m */,
				5DC3326497DF4782B3E655B7 /* ELCAlbumPickerController.m */,
				83C4DC8AC53342749EFF8423 /* ELCAsset.m */,
				7824050123EF4EA3A4A3C029 /* ELCAssetCell.m */,
				19DD579A2A1D4375897AF1BF /* ELCAssetTablePicker.m */,
				A1B7FE09872547E781B95F86 /* ELCImagePickerController.m */,
				3CAB7EE0321B45B1859A6FB9 /* SOSPicker.h */,
				07479E3F93474B11A01FF2A7 /* ELCAlbumPickerController.h */,
				33DA9A1D1FD7405F98A48E6F /* ELCAsset.h */,
				8DBF4EB91BDC485CB33CD41F /* ELCAssetCell.h */,
				C1DF48CA48EB4ABDAE9411EC /* ELCAssetPickerFilterDelegate.h */,
				B75D182BE51E49C89369A424 /* ELCAssetSelectionDelegate.h */,
				1F2E28098E84470F80FE3886 /* ELCAssetTablePicker.h */,
				D81310A321DD4FADA690F6DC /* ELCImagePickerController.h */,
				2EF8972A90D9497BB9F81A40 /* CDVVibration.m */,
				C2733E46C838452E982E3F01 /* CDVVibration.h */,
			);
			name = Plugins;
			path = "HelloCordova/Plugins";
			sourceTree = SOURCE_ROOT;
		};
		EB87FDF11871DA420020F90C /* Staging */ = {
			isa = PBXGroup;
			children = (
				F840E1F0165FE0F500CFE078 /* config.xml */,
				301BF56E109A69640062928A /* www */,
			);
			name = Staging;
			sourceTree = "<group>";
		};
/* End PBXGroup section */

/* Begin PBXNativeTarget section */
		1D6058900D05DD3D006BFB54 /* HelloCordova */ = {
			isa = PBXNativeTarget;
			buildConfigurationList = 1D6058960D05DD3E006BFB54 /* Build configuration list for PBXNativeTarget "HelloCordova" */;
			buildPhases = (
				304B58A110DAC018002A0835 /* Copy www directory */,
				1D60588D0D05DD3D006BFB54 /* Resources */,
				1D60588E0D05DD3D006BFB54 /* Sources */,
				1D60588F0D05DD3D006BFB54 /* Frameworks */,
			);
			buildRules = (
			);
			dependencies = (
				301BF551109A68C00062928A /* PBXTargetDependency */,
			);
			name = "HelloCordova";
			productName = "HelloCordova";
			productReference = 1D6058910D05DD3D006BFB54 /* HelloCordova.app */;
			productType = "com.apple.product-type.application";
		};
/* End PBXNativeTarget section */

/* Begin PBXProject section */
		29B97313FDCFA39411CA2CEA /* Project object */ = {
			isa = PBXProject;
			attributes = {
				LastUpgradeCheck = 510;
			};
			buildConfigurationList = C01FCF4E08A954540054247B /* Build configuration list for PBXProject "__NON-CLI__" */;
			compatibilityVersion = "Xcode 3.2";
			developmentRegion = English;
			hasScannedForEncodings = 1;
			mainGroup = 29B97314FDCFA39411CA2CEA /* CustomTemplate */;
			projectDirPath = "";
			projectReferences = (
				{
					ProductGroup = 301BF52E109A57CC0062928A /* Products */;
					ProjectRef = 301BF52D109A57CC0062928A /* CordovaLib.xcodeproj */;
				},
			);
			projectRoot = "";
			targets = (
				1D6058900D05DD3D006BFB54 /* HelloCordova */,
			);
		};
/* End PBXProject section */

/* Begin PBXReferenceProxy section */
		301BF535109A57CC0062928A /* libCordova.a */ = {
			isa = PBXReferenceProxy;
			fileType = archive.ar;
			path = libCordova.a;
			remoteRef = 301BF534109A57CC0062928A /* PBXContainerItemProxy */;
			sourceTree = BUILT_PRODUCTS_DIR;
		};
/* End PBXReferenceProxy section */

/* Begin PBXResourcesBuildPhase section */
		1D60588D0D05DD3D006BFB54 /* Resources */ = {
			isa = PBXResourcesBuildPhase;
			buildActionMask = 2147483647;
			files = (
				302D95F214D2391D003F00A1 /* MainViewController.xib in Resources */,
				0207DA581B56EA530066E2B4 /* Images.xcassets in Resources */,
				A90C5F85549648D1B7EB1E85 /* ELCAlbumPickerController.xib in Resources */,
				DA99FF9B55FD4C8CA5CD30B1 /* ELCAssetPicker.xib in Resources */,
				197AF6F68EA04AF59DED6736 /* ELCAssetTablePicker.xib in Resources */,
				97E68B62FC2D43FAB39FBB8B /* Overlay.png in Resources */,
				FD9511B88D954609B397122D /* Overlay@2x.png in Resources */,
			);
			runOnlyForDeploymentPostprocessing = 0;
		};
/* End PBXResourcesBuildPhase section */

/* Begin PBXShellScriptBuildPhase section */
		304B58A110DAC018002A0835 /* Copy www directory */ = {
			isa = PBXShellScriptBuildPhase;
			buildActionMask = 2147483647;
			files = (
			);
			inputPaths = (
			);
			name = "Copy www directory";
			outputPaths = (
			);
			runOnlyForDeploymentPostprocessing = 0;
			shellPath = /bin/sh;
			shellScript = "NODEJS_PATH=/usr/local/bin; NVM_NODE_PATH=~/.nvm/versions/node/`nvm version 2>/dev/null`/bin; N_NODE_PATH=`find /usr/local/n/versions/node/* -maxdepth 0 -type d 2>/dev/null | tail -1`/bin; XCODE_NODE_PATH=`xcode-select --print-path`/usr/share/xcs/Node/bin; PATH=$NODEJS_PATH:$NVM_NODE_PATH:$N_NODE_PATH:$XCODE_NODE_PATH:$PATH && node cordova/lib/copy-www-build-step.js";
			showEnvVarsInLog = 0;
		};
/* End PBXShellScriptBuildPhase section */

/* Begin PBXSourcesBuildPhase section */
		1D60588E0D05DD3D006BFB54 /* Sources */ = {
			isa = PBXSourcesBuildPhase;
			buildActionMask = 2147483647;
			files = (
				1D60589B0D05DD56006BFB54 /* main.m in Sources */,
				1D3623260D0F684500981E51 /* AppDelegate.m in Sources */,
				302D95F114D2391D003F00A1 /* MainViewController.m in Sources */,
				C64F3D9185F24E7796A0C1F0 /* CDVLogger.m in Sources */,
				490077C3A6434AD0A88497DA /* CDVDevice.m in Sources */,
				2FEC9D79A8744703853C4E5E /* CDVSplashScreen.m in Sources */,
				F903EC6ADCC5405189287CF7 /* CDVViewController+SplashScreen.m in Sources */,
				DAE8B43A35434E60B8927BEF /* CDVStatusBar.m in Sources */,
				3BF9236D71EB417C8156910A /* IonicKeyboard.m in Sources */,
				5946B127968B4C35A468B8A8 /* AppDelegate+APPAppEvent.m in Sources */,
				4F1E7818F0994FBA8F977F75 /* CDVPlugin+APPAppEvent.m in Sources */,
				B5B2665A8A6C40758447F9C4 /* APPLocalNotification.m in Sources */,
				370E045E5B37485A93A83464 /* APPLocalNotificationOptions.m in Sources */,
				8C22DBAE77D648DD9EBD42A7 /* UIApplication+APPLocalNotification.m in Sources */,
				6A1B5BE8772C44DDBD96FC49 /* UILocalNotification+APPLocalNotification.m in Sources */,
				6DA54C6D0B22470AA4EF2F02 /* Toast+UIView.m in Sources */,
				98AC7EBAD98941788F411FAE /* Toast.m in Sources */,
				B4102A8053054492B6328E49 /* UIImage+CropScaleOrientation.m in Sources */,
				55507C686C934BE99DBC1363 /* CDVCamera.m in Sources */,
				ECE091CB5FCC4DB2A6D5CC98 /* CDVJpegHeaderWriter.m in Sources */,
				9B20A6515D38410E9FF6A06E /* SOSPicker.m in Sources */,
				8ACF37185A0E4775A0692361 /* ELCAlbumPickerController.m in Sources */,
				7F5053D758344A83BE227CCD /* ELCAsset.m in Sources */,
				4A508FD9EA9E4D0CBCE9F761 /* ELCAssetCell.m in Sources */,
				4E8A057D500E482E9B7870F3 /* ELCAssetTablePicker.m in Sources */,
				92CC35BE3AC0466AA9A19DD0 /* ELCImagePickerController.m in Sources */,
				A47ABE2168C74A7E8885CB27 /* CDVVibration.m in Sources */,
			);
			runOnlyForDeploymentPostprocessing = 0;
		};
/* End PBXSourcesBuildPhase section */

/* Begin PBXTargetDependency section */
		301BF551109A68C00062928A /* PBXTargetDependency */ = {
			isa = PBXTargetDependency;
			name = CordovaLib;
			targetProxy = 301BF550109A68C00062928A /* PBXContainerItemProxy */;
		};
/* End PBXTargetDependency section */

/* Begin XCBuildConfiguration section */
		1D6058940D05DD3E006BFB54 /* Debug */ = {
			isa = XCBuildConfiguration;
			baseConfigurationReference = 3047A50F1AB8059700498E2A /* build-debug.xcconfig */;
			buildSettings = {
				ALWAYS_SEARCH_USER_PATHS = NO;
				ASSETCATALOG_COMPILER_APPICON_NAME = AppIcon;
				ASSETCATALOG_COMPILER_LAUNCHIMAGE_NAME = LaunchImage;
				CLANG_ENABLE_MODULES = YES;
				CLANG_ENABLE_OBJC_ARC = YES;
				COPY_PHASE_STRIP = NO;
				GCC_DYNAMIC_NO_PIC = NO;
				GCC_OPTIMIZATION_LEVEL = 0;
				GCC_PRECOMPILE_PREFIX_HEADER = YES;
				GCC_PREFIX_HEADER = "HelloCordova/HelloCordova-Prefix.pch";
				GCC_THUMB_SUPPORT = NO;
				GCC_VERSION = "";
				INFOPLIST_FILE = "HelloCordova/HelloCordova-Info.plist";
				LD_RUNPATH_SEARCH_PATHS = "@executable_path/Frameworks";
				PRODUCT_NAME = "HelloCordova";
			};
			name = Debug;
		};
		1D6058950D05DD3E006BFB54 /* Release */ = {
			isa = XCBuildConfiguration;
			baseConfigurationReference = 3047A5101AB8059700498E2A /* build-release.xcconfig */;
			buildSettings = {
				ALWAYS_SEARCH_USER_PATHS = NO;
				ASSETCATALOG_COMPILER_APPICON_NAME = AppIcon;
				ASSETCATALOG_COMPILER_LAUNCHIMAGE_NAME = LaunchImage;
				CLANG_ENABLE_MODULES = YES;
				CLANG_ENABLE_OBJC_ARC = YES;
				COPY_PHASE_STRIP = YES;
				GCC_PRECOMPILE_PREFIX_HEADER = YES;
				GCC_PREFIX_HEADER = "HelloCordova/HelloCordova-Prefix.pch";
				GCC_THUMB_SUPPORT = NO;
				GCC_VERSION = "";
				INFOPLIST_FILE = "HelloCordova/HelloCordova-Info.plist";
				PRODUCT_NAME = "HelloCordova";
			};
			name = Release;
		};
		C01FCF4F08A954540054247B /* Debug */ = {
			isa = XCBuildConfiguration;
			baseConfigurationReference = 3047A5111AB8059700498E2A /* build.xcconfig */;
			buildSettings = {
				CLANG_ENABLE_MODULES = YES;
				CLANG_ENABLE_OBJC_ARC = YES;
				CLANG_WARN_BOOL_CONVERSION = YES;
				CLANG_WARN_CONSTANT_CONVERSION = YES;
				CLANG_WARN_EMPTY_BODY = YES;
				CLANG_WARN_ENUM_CONVERSION = YES;
				CLANG_WARN_INT_CONVERSION = YES;
				CLANG_WARN__DUPLICATE_METHOD_MATCH = YES;
				GCC_C_LANGUAGE_STANDARD = c99;
				GCC_THUMB_SUPPORT = NO;
				GCC_VERSION = "";
				GCC_WARN_ABOUT_RETURN_TYPE = YES;
				GCC_WARN_UNDECLARED_SELECTOR = YES;
				GCC_WARN_UNINITIALIZED_AUTOS = YES;
				GCC_WARN_UNUSED_FUNCTION = YES;
				GCC_WARN_UNUSED_VARIABLE = YES;
				ONLY_ACTIVE_ARCH = YES;
				SDKROOT = iphoneos;
				SKIP_INSTALL = NO;
			};
			name = Debug;
		};
		C01FCF5008A954540054247B /* Release */ = {
			isa = XCBuildConfiguration;
			baseConfigurationReference = 3047A5111AB8059700498E2A /* build.xcconfig */;
			buildSettings = {
				CLANG_ENABLE_MODULES = YES;
				CLANG_ENABLE_OBJC_ARC = YES;
				CLANG_WARN_BOOL_CONVERSION = YES;
				CLANG_WARN_CONSTANT_CONVERSION = YES;
				CLANG_WARN_EMPTY_BODY = YES;
				CLANG_WARN_ENUM_CONVERSION = YES;
				CLANG_WARN_INT_CONVERSION = YES;
				CLANG_WARN__DUPLICATE_METHOD_MATCH = YES;
				GCC_C_LANGUAGE_STANDARD = c99;
				GCC_THUMB_SUPPORT = NO;
				GCC_VERSION = "";
				GCC_WARN_ABOUT_RETURN_TYPE = YES;
				GCC_WARN_UNDECLARED_SELECTOR = YES;
				GCC_WARN_UNINITIALIZED_AUTOS = YES;
				GCC_WARN_UNUSED_FUNCTION = YES;
				GCC_WARN_UNUSED_VARIABLE = YES;
				SDKROOT = iphoneos;
				SKIP_INSTALL = NO;
			};
			name = Release;
		};
/* End XCBuildConfiguration section */

/* Begin XCConfigurationList section */
		1D6058960D05DD3E006BFB54 /* Build configuration list for PBXNativeTarget "HelloCordova" */ = {
			isa = XCConfigurationList;
			buildConfigurations = (
				1D6058940D05DD3E006BFB54 /* Debug */,
				1D6058950D05DD3E006BFB54 /* Release */,
			);
			defaultConfigurationIsVisible = 0;
			defaultConfigurationName = Release;
		};
		C01FCF4E08A954540054247B /* Build configuration list for PBXProject "__NON-CLI__" */ = {
			isa = XCConfigurationList;
			buildConfigurations = (
				C01FCF4F08A954540054247B /* Debug */,
				C01FCF5008A954540054247B /* Release */,
			);
			defaultConfigurationIsVisible = 0;
			defaultConfigurationName = Release;
		};
/* End XCConfigurationList section */
	};
	rootObject = 29B97313FDCFA39411CA2CEA /* Project object */;
}
